
Microsoft Visual Studio Solution File, Format Version 12.00
# Visual Studio Version 17
VisualStudioVersion = 17.9.34701.34
MinimumVisualStudioVersion = 10.0.40219.1
Project("{FAE04EC0-301F-11D3-BF4B-00C04F79EFBC}") = "L02P02_2021_MR_602_2019_CH_602", "L02P02_2021_MR_602_2019_CH_602\L02P02_2021_MR_602_2019_CH_602.csproj", "{7339E94A-8A6C-4E49-BF58-146C40C6DBF8}"
EndProject
Global
	GlobalSection(SolutionConfigurationPlatforms) = preSolution
		Debug|Any CPU = Debug|Any CPU
		Release|Any CPU = Release|Any CPU
	EndGlobalSection
	GlobalSection(ProjectConfigurationPlatforms) = postSolution
		{7339E94A-8A6C-4E49-BF58-146C40C6DBF8}.Debug|Any CPU.ActiveCfg = Debug|Any CPU
		{7339E94A-8A6C-4E49-BF58-146C40C6DBF8}.Debug|Any CPU.Build.0 = Debug|Any CPU
		{7339E94A-8A6C-4E49-BF58-146C40C6DBF8}.Release|Any CPU.ActiveCfg = Release|Any CPU
		{7339E94A-8A6C-4E49-BF58-146C40C6DBF8}.Release|Any CPU.Build.0 = Release|Any CPU
	EndGlobalSection
	GlobalSection(SolutionProperties) = preSolution
		HideSolutionNode = FALSE
	EndGlobalSection
	GlobalSection(ExtensibilityGlobals) = postSolution
		SolutionGuid = {251C6742-0487-4123-8F14-D981B70B0672}
	EndGlobalSection
EndGlobal
